# This file is automatically @generated by Cargo.
# It is not intended for manual editing.
version = 3

[[package]]
name = "aegis"
version = "0.0.1"
dependencies = [
 "kernel-5_4_87",
]

[[package]]
name = "ca-certificates"
version = "0.1.0"

[[package]]
name = "cni-plugins"
version = "0.1.0"

[[package]]
name = "containerd"
version = "0.1.0"
dependencies = [
 "cni-plugins",
 "runc",
]

[[package]]
name = "cosfs"
version = "4.2.1"

[[package]]
name = "ebpf-tools"
version = "0.0.1"

[[package]]
name = "eklet-agent"
version = "0.1.0"
dependencies = [
 "containerd",
 "runc",
]

[[package]]
name = "eklet-agent-net"
version = "0.1.0"
dependencies = [
 "ebpf-tools",
]

[[package]]
name = "eks-tool"
version = "0.1.0"

[[package]]
name = "growpart"
version = "0.0.0"

[[package]]
name = "kernel-5_4_119"
version = "0.1.0"

[[package]]
name = "kernel-5_4_87"
version = "0.1.0"

[[package]]
name = "libstd-rust"
version = "0.1.0"

[[package]]
name = "nvidia"
version = "460.32.3"

[[package]]
name = "release"
version = "0.0.0"
dependencies = [
 "ca-certificates",
 "growpart",
]

[[package]]
name = "runc"
version = "0.1.0"
